
Microsoft Visual Studio Solution File, Format Version 12.00
# Visual Studio Version 17
VisualStudioVersion = 17.3.32811.315
MinimumVisualStudioVersion = 10.0.40219.1
Project("{FAE04EC0-301F-11D3-BF4B-00C04F79EFBC}") = "ProgressBar,Anceta", "ProgressBar,Anceta\ProgressBar,Anceta.csproj", "{A75C2611-DE8F-4E72-BFBD-13C0AE13078E}"
EndProject
Global
	GlobalSection(SolutionConfigurationPlatforms) = preSolution
		Debug|Any CPU = Debug|Any CPU
		Release|Any CPU = Release|Any CPU
	EndGlobalSection
	GlobalSection(ProjectConfigurationPlatforms) = postSolution
		{A75C2611-DE8F-4E72-BFBD-13C0AE13078E}.Debug|Any CPU.ActiveCfg = Debug|Any CPU
		{A75C2611-DE8F-4E72-BFBD-13C0AE13078E}.Debug|Any CPU.Build.0 = Debug|Any CPU
		{A75C2611-DE8F-4E72-BFBD-13C0AE13078E}.Release|Any CPU.ActiveCfg = Release|Any CPU
		{A75C2611-DE8F-4E72-BFBD-13C0AE13078E}.Release|Any CPU.Build.0 = Release|Any CPU
	EndGlobalSection
	GlobalSection(SolutionProperties) = preSolution
		HideSolutionNode = FALSE
	EndGlobalSection
	GlobalSection(ExtensibilityGlobals) = postSolution
		SolutionGuid = {A10C8BF2-31F6-4C23-9268-992271555F1B}
	EndGlobalSection
EndGlobal
